
Microsoft Visual Studio Solution File, Format Version 12.00
# Visual Studio Version 17
VisualStudioVersion = 17.0.31903.59
MinimumVisualStudioVersion = 10.0.40219.1
Project("{2150E333-8FDC-42A3-9474-1A3956D46DE8}") = "src", "src", "{A662653B-2C5E-4656-979F-AD892A4C9FED}"
EndProject
Project("{FAE04EC0-301F-11D3-BF4B-00C04F79EFBC}") = "AudioFlow.Models", "src\AudioFlow.Models\AudioFlow.Models.csproj", "{BACCE6E2-0777-4BAA-8531-219ECEF7DF5F}"
EndProject
Project("{FAE04EC0-301F-11D3-BF4B-00C04F79EFBC}") = "AudioFlow.Core", "src\AudioFlow.Core\AudioFlow.Core.csproj", "{9FF5B652-260C-4880-B192-FBDD32D091DE}"
EndProject
Project("{FAE04EC0-301F-11D3-BF4B-00C04F79EFBC}") = "AudioFlow.Console", "src\AudioFlow.Console\AudioFlow.Console.csproj", "{E1445524-AC31-4C0A-BDB9-AA881A51EB03}"
EndProject
Global
	GlobalSection(SolutionConfigurationPlatforms) = preSolution
		Debug|Any CPU = Debug|Any CPU
		Release|Any CPU = Release|Any CPU
	EndGlobalSection
	GlobalSection(SolutionProperties) = preSolution
		HideSolutionNode = FALSE
	EndGlobalSection
	GlobalSection(ProjectConfigurationPlatforms) = postSolution
		{BACCE6E2-0777-4BAA-8531-219ECEF7DF5F}.Debug|Any CPU.ActiveCfg = Debug|Any CPU
		{BACCE6E2-0777-4BAA-8531-219ECEF7DF5F}.Debug|Any CPU.Build.0 = Debug|Any CPU
		{BACCE6E2-0777-4BAA-8531-219ECEF7DF5F}.Release|Any CPU.ActiveCfg = Release|Any CPU
		{BACCE6E2-0777-4BAA-8531-219ECEF7DF5F}.Release|Any CPU.Build.0 = Release|Any CPU
		{9FF5B652-260C-4880-B192-FBDD32D091DE}.Debug|Any CPU.ActiveCfg = Debug|Any CPU
		{9FF5B652-260C-4880-B192-FBDD32D091DE}.Debug|Any CPU.Build.0 = Debug|Any CPU
		{9FF5B652-260C-4880-B192-FBDD32D091DE}.Release|Any CPU.ActiveCfg = Release|Any CPU
		{9FF5B652-260C-4880-B192-FBDD32D091DE}.Release|Any CPU.Build.0 = Release|Any CPU
		{E1445524-AC31-4C0A-BDB9-AA881A51EB03}.Debug|Any CPU.ActiveCfg = Debug|Any CPU
		{E1445524-AC31-4C0A-BDB9-AA881A51EB03}.Debug|Any CPU.Build.0 = Debug|Any CPU
		{E1445524-AC31-4C0A-BDB9-AA881A51EB03}.Release|Any CPU.ActiveCfg = Release|Any CPU
		{E1445524-AC31-4C0A-BDB9-AA881A51EB03}.Release|Any CPU.Build.0 = Release|Any CPU
	EndGlobalSection
	GlobalSection(NestedProjects) = preSolution
		{BACCE6E2-0777-4BAA-8531-219ECEF7DF5F} = {A662653B-2C5E-4656-979F-AD892A4C9FED}
		{9FF5B652-260C-4880-B192-FBDD32D091DE} = {A662653B-2C5E-4656-979F-AD892A4C9FED}
		{E1445524-AC31-4C0A-BDB9-AA881A51EB03} = {A662653B-2C5E-4656-979F-AD892A4C9FED}
	EndGlobalSection
EndGlobal
